
Microsoft Visual Studio Solution File, Format Version 12.00
# Visual Studio 2013
VisualStudioVersion = 12.0.21005.1
MinimumVisualStudioVersion = 10.0.40219.1
Project("{8BC9CEB8-8B4A-11D0-8D11-00A0C91BC942}") = "rdb-server", "rdb-server\rdb-server.vcxproj", "{E6F173A0-6EAE-48B0-9FA4-120CAEB6615F}"
EndProject
Project("{8BC9CEB8-8B4A-11D0-8D11-00A0C91BC942}") = "rdb-cli", "rdb-cli\rdb-cli.vcxproj", "{209B0014-9361-4E21-99CD-EBD4F8232FB3}"
EndProject
Global
	GlobalSection(SolutionConfigurationPlatforms) = preSolution
		Debug|Win32 = Debug|Win32
		Release|Win32 = Release|Win32
	EndGlobalSection
	GlobalSection(ProjectConfigurationPlatforms) = postSolution
		{E6F173A0-6EAE-48B0-9FA4-120CAEB6615F}.Debug|Win32.ActiveCfg = Debug|Win32
		{E6F173A0-6EAE-48B0-9FA4-120CAEB6615F}.Debug|Win32.Build.0 = Debug|Win32
		{E6F173A0-6EAE-48B0-9FA4-120CAEB6615F}.Release|Win32.ActiveCfg = Release|Win32
		{E6F173A0-6EAE-48B0-9FA4-120CAEB6615F}.Release|Win32.Build.0 = Release|Win32
		{209B0014-9361-4E21-99CD-EBD4F8232FB3}.Debug|Win32.ActiveCfg = Debug|Win32
		{209B0014-9361-4E21-99CD-EBD4F8232FB3}.Debug|Win32.Build.0 = Debug|Win32
		{209B0014-9361-4E21-99CD-EBD4F8232FB3}.Release|Win32.ActiveCfg = Release|Win32
		{209B0014-9361-4E21-99CD-EBD4F8232FB3}.Release|Win32.Build.0 = Release|Win32
	EndGlobalSection
	GlobalSection(SolutionProperties) = preSolution
		HideSolutionNode = FALSE
	EndGlobalSection
EndGlobal
